# This file is autogenerated, do not edit; changes may be undone by the next 'dep ensure'.


[[projects]]
  digest = "1:f9ae348e1f793dcf9ed930ed47136a67343dbd6809c5c91391322267f4476892"
  name = "github.com/Microsoft/go-winio"
  packages = ["."]
  pruneopts = "UT"
  revision = "78a084671df137c2acfcacaa730d7e7dc285ac39"
  version = "v0.4.10"

[[projects]]
  digest = "1:6c0f1bc4d83abbdcb860204b7935b5cf072d449e225c33946b68968aa06d20a0"
  name = "github.com/armon/go-metrics"
  packages = ["."]
  pruneopts = "UT"
  revision = "3df31a1ada83e310c2e24b267c8e8b68836547b4"

[[projects]]
  digest = "1:9ede7940cd19ac5d92896381abac71954feb57608b617152e48112c3dc667e87"
  name = "github.com/asdine/storm"
  packages = [
    ".",
    "codec",
    "codec/json",
    "index",
    "internal",
    "q",
  ]
  pruneopts = "UT"
  revision = "bda68dab90fc908ee5dbccb36400edf4f54972d6"
  version = "v2.1.1"

[[projects]]
  digest = "1:c28625428387b63dd7154eb857f51e700465cfbf7c06f619e71f2da33cefe47e"
  name = "github.com/coreos/bbolt"
  packages = ["."]
  pruneopts = "UT"
  revision = "583e8937c61f1af6513608ccc75c97b6abdf4ff9"
  version = "v1.3.0"

[[projects]]
  digest = "1:3cabbabc9e0e4aa7e12b882bdc213f41cf8bd2b2ce2a7b5e0aceaf8a6a78049b"
  name = "github.com/docker/distribution"
  packages = [
    "digest",
    "reference",
  ]
  pruneopts = "UT"
  revision = "48294d928ced5dd9b378f7fd7c6f5da3ff3f2c89"
  version = "v2.6.2"

[[projects]]
  digest = "1:a35eb4ca01dbe37395a685d6543a79e0a3d49eeb07e3c0e72c440f92a6279930"
  name = "github.com/docker/docker"
  packages = [
    "api/types",
    "api/types/blkiodev",
    "api/types/container",
    "api/types/events",
    "api/types/filters",
    "api/types/mount",
    "api/types/network",
    "api/types/reference",
    "api/types/registry",
    "api/types/strslice",
    "api/types/swarm",
    "api/types/time",
    "api/types/versions",
    "api/types/volume",
    "client",
    "pkg/stdcopy",
    "pkg/tlsconfig",
  ]
  pruneopts = "UT"
  revision = "eef6495eddab52828327aade186443681ed71a4e"
  version = "v17.03.2-ce-rc1"

[[projects]]
  digest = "1:811c86996b1ca46729bad2724d4499014c4b9effd05ef8c71b852aad90deb0ce"
  name = "github.com/docker/go-connections"
  packages = [
    "nat",
    "sockets",
    "tlsconfig",
  ]
  pruneopts = "UT"
  revision = "7395e3f8aa162843a74ed6d48e79627d9792ac55"
  version = "v0.4.0"

[[projects]]
  digest = "1:6f82cacd0af5921e99bf3f46748705239b36489464f4529a1589bc895764fb18"
  name = "github.com/docker/go-units"
  packages = ["."]
  pruneopts = "UT"
  revision = "47565b4f722fb6ceae66b95f853feed578a4a51c"
  version = "v0.3.3"

[[projects]]
  digest = "1:4c0989ca0bcd10799064318923b9bc2db6b4d6338dd75f3f2d86c3511aaaf5cf"
  name = "github.com/golang/protobuf"
  packages = [
    "proto",
    "ptypes",
    "ptypes/any",
    "ptypes/duration",
    "ptypes/timestamp",
  ]
  pruneopts = "UT"
  revision = "aa810b61a9c79d51363740d207bb46cf8e620ed5"
  version = "v1.2.0"

[[projects]]
  digest = "1:f8cb7c367c825e0c0be75f17e9b003d39b1240a1535fbbf095a18d7bb0d0c9c9"
  name = "github.com/hashicorp/consul"
  packages = ["api"]
  pruneopts = "UT"
  revision = "e716d1b5f8be252b3e53906c6d5632e0228f30fa"
  version = "v1.2.2"

[[projects]]
  branch = "master"
  digest = "1:77cb3be9b21ba7f1a4701e870c84ea8b66e7d74c7c8951c58155fdadae9414ec"
  name = "github.com/hashicorp/go-cleanhttp"
  packages = ["."]
  pruneopts = "UT"
  revision = "d5fe4b57a186c716b0e00b8c301cbd9b4182694d"

[[projects]]
  branch = "master"
  digest = "1:45aad874d3c7d5e8610427c81870fb54970b981692930ec2a319ce4cb89d7a00"
  name = "github.com/hashicorp/go-rootcerts"
  packages = ["."]
  pruneopts = "UT"
  revision = "6bb64b370b90e7ef1fa532be9e591a81c3493e00"

[[projects]]
  digest = "1:acc81e4e4289587b257ccdfccbc6eaf16d4c2fb57dda73c6bb349bf50f02501f"
  name = "github.com/hashicorp/serf"
  packages = ["coordinate"]
  pruneopts = "UT"
  revision = "4b67f2c2b2bb5b748d934a6d48221062e43d2274"

[[projects]]
  branch = "master"
  digest = "1:5c3444689562053b027ef3b96372e306adbe0d7d109b6cdd48d01eb80f8bab14"
  name = "github.com/jinzhu/copier"
  packages = ["."]
  pruneopts = "UT"
  revision = "7e38e58719c33e0d44d585c4ab477a30f8cb82dd"

[[projects]]
  branch = "master"
  digest = "1:400e113a367b511b9b09ca642ee11d9885485a93838526d697033af334a2fdde"
  name = "github.com/kballard/go-shellquote"
  packages = ["."]
  pruneopts = "UT"
  revision = "95032a82bc518f77982ea72343cc1ade730072f0"

[[projects]]
  branch = "master"
  digest = "1:c7354463195544b1ab3c1f1fadb41430947f5d28dfbf2cdbd38268c5717a5a03"
  name = "github.com/mitchellh/go-homedir"
  packages = ["."]
  pruneopts = "UT"
  revision = "58046073cbffe2f25d425fe1331102f55cf719de"

[[projects]]
  digest = "1:56a0bd1a1f3809171d1abe0bfd389558be0cd672e858e1f831b88f806aa8764f"
  name = "github.com/mitchellh/mapstructure"
  packages = ["."]
  pruneopts = "UT"
  revision = "06020f85339e21b2478f756a78e295255ffa4d6a"

[[projects]]
  branch = "master"
  digest = "1:9eccd9b97be2f347ba4309737b3da8555465a1af3506c6cf1fb5279cc1fd6a03"
  name = "github.com/novakit/binfs"
  packages = ["."]
  pruneopts = "UT"
  revision = "b6f64550ce72f3e3e322446eda6dd47fc0515b67"

[[projects]]
  branch = "master"
  digest = "1:f85944ad5792b141e18ded45f915451c1cff4d30a677e7cce70b63c2de3fef23"
  name = "github.com/novakit/nova"
  packages = ["."]
  pruneopts = "UT"
  revision = "6844d99c330b6568ca5f77bb208d575913eb75b3"

[[projects]]
  branch = "master"
  digest = "1:a280e164c22565c68804977d3ce765b952515ab6146d036c5a44b8056aec31ab"
  name = "github.com/novakit/router"
  packages = ["."]
  pruneopts = "UT"
  revision = "a62970cbff9e4babbe0eac50834a1e0963fa0e8f"

[[projects]]
  branch = "master"
  digest = "1:fd877f2af788390d2ad0ba667451975eab4e53c3657e65158c462fa2850e19d3"
  name = "github.com/novakit/static"
  packages = ["."]
  pruneopts = "UT"
  revision = "240411f67850541fb68e7babf2899372e68bca54"

[[projects]]
  branch = "master"
  digest = "1:c9caf05664e147f713aba24b30e42584725ed9aad46a3340620d739dc3b0abaa"
  name = "github.com/novakit/view"
  packages = ["."]
  pruneopts = "UT"
  revision = "f86c6ffbf70c367032685bae174f93da5f8f3563"

[[projects]]
  digest = "1:40e195917a951a8bf867cd05de2a46aaf1806c50cf92eebf4c16f78cd196f747"
  name = "github.com/pkg/errors"
  packages = ["."]
  pruneopts = "UT"
  revision = "645ef00459ed84a119197bfb8d8205042c6df63d"
  version = "v0.8.0"

[[projects]]
  digest = "1:b24d38b282bacf9791408a080f606370efa3d364e4b5fd9ba0f7b87786d3b679"
  name = "github.com/urfave/cli"
  packages = ["."]
  pruneopts = "UT"
  revision = "cfb38830724cc34fedffe9a2a29fb54fa9169cd1"
  version = "v1.20.0"

[[projects]]
  branch = "master"
  digest = "1:09164b67547047c84dad9f923384d21b8e717ea8ddddc43d98018df5261e54d5"
  name = "golang.org/x/crypto"
  packages = [
    "bcrypt",
    "blowfish",
    "curve25519",
    "ed25519",
    "ed25519/internal/edwards25519",
    "internal/chacha20",
    "internal/subtle",
    "poly1305",
    "ssh",
  ]
  pruneopts = "UT"
  revision = "614d502a4dac94afa3a6ce146bd1736da82514c6"

[[projects]]
  branch = "master"
  digest = "1:5dc06d5ed94e4a4f1ec4f9b16caea5446fe5a8d6255654c6effbdc98ba6ad0d0"
  name = "golang.org/x/net"
  packages = [
    "context",
    "context/ctxhttp",
    "http/httpguts",
    "http2",
    "http2/hpack",
    "idna",
    "internal/socks",
    "internal/timeseries",
    "proxy",
    "trace",
  ]
  pruneopts = "UT"
  revision = "922f4815f713f213882e8ef45e0d315b164d705c"

[[projects]]
  branch = "master"
  digest = "1:48774faa158e9eaee1ba45aad66434bb0345927b43756a24d4fe4c44ad79e307"
  name = "golang.org/x/sys"
  packages = [
    "unix",
    "windows",
  ]
  pruneopts = "UT"
  revision = "3b58ed4ad3395d483fc92d5d14123ce2c3581fec"

[[projects]]
  digest = "1:a2ab62866c75542dd18d2b069fec854577a20211d7c0ea6ae746072a1dccdd18"
  name = "golang.org/x/text"
  packages = [
    "collate",
    "collate/build",
    "internal/colltab",
    "internal/gen",
    "internal/tag",
    "internal/triegen",
    "internal/ucd",
    "language",
    "secure/bidirule",
    "transform",
    "unicode/bidi",
    "unicode/cldr",
    "unicode/norm",
    "unicode/rangetable",
  ]
  pruneopts = "UT"
  revision = "f21a4dfb5e38f5895301dc265a8def02365cc3d0"
  version = "v0.3.0"

[[projects]]
  branch = "master"
  digest = "1:077c1c599507b3b3e9156d17d36e1e61928ee9b53a5b420f10f28ebd4a0b275c"
  name = "google.golang.org/genproto"
  packages = ["googleapis/rpc/status"]
  pruneopts = "UT"
  revision = "c66870c02cf823ceb633bcd05be3c7cda29976f4"

[[projects]]
  digest = "1:3dd7996ce6bf52dec6a2f69fa43e7c4cefea1d4dfa3c8ab7a5f8a9f7434e239d"
  name = "google.golang.org/grpc"
  packages = [
    ".",
    "balancer",
    "balancer/base",
    "balancer/roundrobin",
    "codes",
    "connectivity",
    "credentials",
    "encoding",
    "encoding/proto",
    "grpclog",
    "internal",
    "internal/backoff",
    "internal/channelz",
    "internal/envconfig",
    "internal/grpcrand",
    "internal/transport",
    "keepalive",
    "metadata",
    "naming",
    "peer",
    "resolver",
    "resolver/dns",
    "resolver/passthrough",
    "stats",
    "status",
    "tap",
  ]
  pruneopts = "UT"
  revision = "32fb0ac620c32ba40a4626ddf94d90d12cce3455"
  version = "v1.14.0"

[[projects]]
  digest = "1:342378ac4dcb378a5448dd723f0784ae519383532f5e70ade24132c4c8693202"
  name = "gopkg.in/yaml.v2"
  packages = ["."]
  pruneopts = "UT"
  revision = "5420a8b6744d3b0345ab293f6fcba19c978f1183"
  version = "v2.2.1"

[solve-meta]
  analyzer-name = "dep"
  analyzer-version = 1
  input-imports = [
    "github.com/asdine/storm",
    "github.com/asdine/storm/index",
    "github.com/asdine/storm/q",
    "github.com/docker/docker/api/types",
    "github.com/docker/docker/api/types/container",
    "github.com/docker/docker/api/types/filters",
    "github.com/docker/docker/api/types/network",
    "github.com/docker/docker/client",
    "github.com/docker/docker/pkg/stdcopy",
    "github.com/golang/protobuf/proto",
    "github.com/hashicorp/consul/api",
    "github.com/jinzhu/copier",
    "github.com/kballard/go-shellquote",
    "github.com/novakit/binfs",
    "github.com/novakit/nova",
    "github.com/novakit/router",
    "github.com/novakit/static",
    "github.com/novakit/view",
    "github.com/pkg/errors",
    "github.com/urfave/cli",
    "golang.org/x/crypto/bcrypt",
    "golang.org/x/crypto/ssh",
    "golang.org/x/net/context",
    "google.golang.org/grpc",
    "google.golang.org/grpc/codes",
    "google.golang.org/grpc/status",
    "gopkg.in/yaml.v2",
  ]
  solver-name = "gps-cdcl"
  solver-version = 1
